
Microsoft Visual Studio Solution File, Format Version 12.00
# Visual Studio Version 16
VisualStudioVersion = 16.0.31729.503
MinimumVisualStudioVersion = 10.0.40219.1
Project("{FAE04EC0-301F-11D3-BF4B-00C04F79EFBC}") = "FunctionsReturnAndArraysFromFile", "FunctionsReturnAndArraysFromFile\FunctionsReturnAndArraysFromFile.csproj", "{75F5E9F5-262F-4E2D-A4B2-7B64A9426C81}"
EndProject
Project("{FAE04EC0-301F-11D3-BF4B-00C04F79EFBC}") = "FridayNightRandom", "FridayNightRandom\FridayNightRandom.csproj", "{72FDE6F1-4AE9-45D2-89FB-5013EA14C22D}"
EndProject
Project("{FAE04EC0-301F-11D3-BF4B-00C04F79EFBC}") = "FridayNightRandomReturn", "FridayNightRandomReturn\FridayNightRandomReturn.csproj", "{FD5018DE-29E9-4E7D-A81E-3DCADD38F6CF}"
EndProject
Project("{FAE04EC0-301F-11D3-BF4B-00C04F79EFBC}") = "PickRandomFromFile", "PickRandomFromFile\PickRandomFromFile.csproj", "{77EBF1FD-BA64-486D-B8DB-92BDB91448F4}"
EndProject
Project("{FAE04EC0-301F-11D3-BF4B-00C04F79EFBC}") = "ChuckNorris", "ChuckNorris\ChuckNorris.csproj", "{07E08AEE-1EA5-4249-B5A6-2BD647557740}"
EndProject
Global
	GlobalSection(SolutionConfigurationPlatforms) = preSolution
		Debug|Any CPU = Debug|Any CPU
		Release|Any CPU = Release|Any CPU
	EndGlobalSection
	GlobalSection(ProjectConfigurationPlatforms) = postSolution
		{75F5E9F5-262F-4E2D-A4B2-7B64A9426C81}.Debug|Any CPU.ActiveCfg = Debug|Any CPU
		{75F5E9F5-262F-4E2D-A4B2-7B64A9426C81}.Debug|Any CPU.Build.0 = Debug|Any CPU
		{75F5E9F5-262F-4E2D-A4B2-7B64A9426C81}.Release|Any CPU.ActiveCfg = Release|Any CPU
		{75F5E9F5-262F-4E2D-A4B2-7B64A9426C81}.Release|Any CPU.Build.0 = Release|Any CPU
		{72FDE6F1-4AE9-45D2-89FB-5013EA14C22D}.Debug|Any CPU.ActiveCfg = Debug|Any CPU
		{72FDE6F1-4AE9-45D2-89FB-5013EA14C22D}.Debug|Any CPU.Build.0 = Debug|Any CPU
		{72FDE6F1-4AE9-45D2-89FB-5013EA14C22D}.Release|Any CPU.ActiveCfg = Release|Any CPU
		{72FDE6F1-4AE9-45D2-89FB-5013EA14C22D}.Release|Any CPU.Build.0 = Release|Any CPU
		{FD5018DE-29E9-4E7D-A81E-3DCADD38F6CF}.Debug|Any CPU.ActiveCfg = Debug|Any CPU
		{FD5018DE-29E9-4E7D-A81E-3DCADD38F6CF}.Debug|Any CPU.Build.0 = Debug|Any CPU
		{FD5018DE-29E9-4E7D-A81E-3DCADD38F6CF}.Release|Any CPU.ActiveCfg = Release|Any CPU
		{FD5018DE-29E9-4E7D-A81E-3DCADD38F6CF}.Release|Any CPU.Build.0 = Release|Any CPU
		{77EBF1FD-BA64-486D-B8DB-92BDB91448F4}.Debug|Any CPU.ActiveCfg = Debug|Any CPU
		{77EBF1FD-BA64-486D-B8DB-92BDB91448F4}.Debug|Any CPU.Build.0 = Debug|Any CPU
		{77EBF1FD-BA64-486D-B8DB-92BDB91448F4}.Release|Any CPU.ActiveCfg = Release|Any CPU
		{77EBF1FD-BA64-486D-B8DB-92BDB91448F4}.Release|Any CPU.Build.0 = Release|Any CPU
		{07E08AEE-1EA5-4249-B5A6-2BD647557740}.Debug|Any CPU.ActiveCfg = Debug|Any CPU
		{07E08AEE-1EA5-4249-B5A6-2BD647557740}.Debug|Any CPU.Build.0 = Debug|Any CPU
		{07E08AEE-1EA5-4249-B5A6-2BD647557740}.Release|Any CPU.ActiveCfg = Release|Any CPU
		{07E08AEE-1EA5-4249-B5A6-2BD647557740}.Release|Any CPU.Build.0 = Release|Any CPU
	EndGlobalSection
	GlobalSection(SolutionProperties) = preSolution
		HideSolutionNode = FALSE
	EndGlobalSection
	GlobalSection(ExtensibilityGlobals) = postSolution
		SolutionGuid = {B32BFA35-C3D7-454A-8546-8D9E170DCBE1}
	EndGlobalSection
EndGlobal
